uuid: 5eb6f35d-ba5e-405c-a7b6-2afbaf6d358c
langcode: es
status: true
dependencies:
  module:
    - block_field
    - node
id: node.field_block
field_name: field_block
entity_type: node
type: block_field
settings: {  }
module: block_field
locked: false
cardinality: -1
translatable: true
indexes: {  }
persist_with_no_fields: false
custom_storage: false
